
Microsoft Visual Studio Solution File, Format Version 12.00
# Visual Studio Version 17
VisualStudioVersion = 17.3.32929.385
MinimumVisualStudioVersion = 10.0.40219.1
Project("{FAE04EC0-301F-11D3-BF4B-00C04F79EFBC}") = "weather application", "weather application\weather application.csproj", "{A58B3A90-A302-4F88-91EA-E0E0F8F08654}"
EndProject
Global
	GlobalSection(SolutionConfigurationPlatforms) = preSolution
		Debug|Any CPU = Debug|Any CPU
		Release|Any CPU = Release|Any CPU
	EndGlobalSection
	GlobalSection(ProjectConfigurationPlatforms) = postSolution
		{A58B3A90-A302-4F88-91EA-E0E0F8F08654}.Debug|Any CPU.ActiveCfg = Debug|Any CPU
		{A58B3A90-A302-4F88-91EA-E0E0F8F08654}.Debug|Any CPU.Build.0 = Debug|Any CPU
		{A58B3A90-A302-4F88-91EA-E0E0F8F08654}.Release|Any CPU.ActiveCfg = Release|Any CPU
		{A58B3A90-A302-4F88-91EA-E0E0F8F08654}.Release|Any CPU.Build.0 = Release|Any CPU
	EndGlobalSection
	GlobalSection(SolutionProperties) = preSolution
		HideSolutionNode = FALSE
	EndGlobalSection
	GlobalSection(ExtensibilityGlobals) = postSolution
		SolutionGuid = {6B653CF4-162F-4850-AF47-12D33A283A3E}
	EndGlobalSection
EndGlobal
